
Microsoft Visual Studio Solution File, Format Version 12.00
# Visual Studio Version 17
VisualStudioVersion = 17.14.36623.8
MinimumVisualStudioVersion = 10.0.40219.1
Project("{2150E333-8FDC-42A3-9474-1A3956D46DE8}") = "Task0", "Task0", "{02EA681E-C7D8-13C7-8484-4AC65E1B71E8}"
EndProject
Project("{FAE04EC0-301F-11D3-BF4B-00C04F79EFBC}") = "Tyuiu.RadkoVO.Sprint1.Task0.V19", "Tyuiu.RadkoVO.Sprint1.Task0.V19\Tyuiu.RadkoVO.Sprint1.Task0.V19.csproj", "{24BA4680-E273-4C83-88AF-542A2DF74275}"
EndProject
Project("{FAE04EC0-301F-11D3-BF4B-00C04F79EFBC}") = "Tyuiu.RadkoVO.Sprint1.Task0.V19.Lib", "Tyuiu.RadkoVO.Sprint1.Task0.V19.Lib\Tyuiu.RadkoVO.Sprint1.Task0.V19.Lib.csproj", "{2EE92F7C-9712-4ACC-93A3-8ECAD368FB0C}"
EndProject
Project("{FAE04EC0-301F-11D3-BF4B-00C04F79EFBC}") = "Tyuiu.RadkoVO.Sprint1.Task0.V19.Test", "Tyuiu.RadkoVO.Sprint1.Task0.V19.Test\Tyuiu.RadkoVO.Sprint1.Task0.V19.Test.csproj", "{1721A1DB-BC2F-47F5-96C4-6101D999FD00}"
EndProject
Project("{2150E333-8FDC-42A3-9474-1A3956D46DE8}") = "Task1", "Task1", "{3E4133C6-906F-4693-AD79-EA5CC9B2BFEF}"
EndProject
Project("{FAE04EC0-301F-11D3-BF4B-00C04F79EFBC}") = "Tyuiu.RadkoVO.Sprint1.Task1.V7", "Tyuiu.RadkoVO.Sprint1.Task1.V7\Tyuiu.RadkoVO.Sprint1.Task1.V7.csproj", "{2B41AC68-CBDC-43AE-A49C-C234FAAA77A8}"
EndProject
Project("{FAE04EC0-301F-11D3-BF4B-00C04F79EFBC}") = "Tyuiu.RadkoVO.Sprint1.Task1.V7.Lib", "Tyuiu.RadkoVO.Sprint1.Task1.V7.Lib\Tyuiu.RadkoVO.Sprint1.Task1.V7.Lib.csproj", "{0D9152AE-B1F7-4D2D-91FD-3819DC7C9BFF}"
EndProject
Project("{FAE04EC0-301F-11D3-BF4B-00C04F79EFBC}") = "Tyuiu.RadkoVO.Sprint1.Task1.V7.Test", "Tyuiu.RadkoVO.Sprint1.Task1.V7.Test\Tyuiu.RadkoVO.Sprint1.Task1.V7.Test.csproj", "{B777D0B8-6A08-4334-85FE-1AB79C159964}"
EndProject
Project("{2150E333-8FDC-42A3-9474-1A3956D46DE8}") = "Task2", "Task2", "{6AD58A89-F54A-4D72-A207-9CFED9EEE494}"
EndProject
Project("{FAE04EC0-301F-11D3-BF4B-00C04F79EFBC}") = "Tyuiu.RadkoVO.Sprint1.Task2.V23", "Tyuiu.RadkoVO.Sprint1.Task2.V23\Tyuiu.RadkoVO.Sprint1.Task2.V23.csproj", "{5FD372C7-079E-48EA-83B2-5C3D51E0EA84}"
EndProject
Project("{FAE04EC0-301F-11D3-BF4B-00C04F79EFBC}") = "Tyuiu.RadkoVO.Sprint1.Task2.V23.Test", "Tyuiu.RadkoVO.Sprint1.Task2.V23.Test\Tyuiu.RadkoVO.Sprint1.Task2.V23.Test.csproj", "{06F00C75-820D-49E3-92CF-6DDDD083613B}"
EndProject
Project("{FAE04EC0-301F-11D3-BF4B-00C04F79EFBC}") = "Tyuiu.RadkoVO.Sprint1.Task2.V23.Lib", "Tyuiu.RadkoVO.Sprint1.Task2.V23.Lib\Tyuiu.RadkoVO.Sprint1.Task2.V23.Lib.csproj", "{08D34271-7C1F-4D27-BDF8-EF72424A71D3}"
EndProject
Project("{2150E333-8FDC-42A3-9474-1A3956D46DE8}") = "Task3", "Task3", "{5DE38486-B8F1-4ECA-A208-C43E4985FE53}"
EndProject
Project("{FAE04EC0-301F-11D3-BF4B-00C04F79EFBC}") = "Tyuiu.RadkoVO.Sprint1.Task3.V18", "Tyuiu.RadkoVO.Sprint1.Task3.V18\Tyuiu.RadkoVO.Sprint1.Task3.V18.csproj", "{200DCF60-98CA-462A-914E-880DD6C7B222}"
EndProject
Project("{FAE04EC0-301F-11D3-BF4B-00C04F79EFBC}") = "Tyuiu.RadkoVO.Sprint1.Task3.V18.Lib", "Tyuiu.RadkoVO.Sprint1.Task3.V18.Lib\Tyuiu.RadkoVO.Sprint1.Task3.V18.Lib.csproj", "{3A666C1E-3318-4C6A-9AE3-52E2E38DE487}"
EndProject
Project("{FAE04EC0-301F-11D3-BF4B-00C04F79EFBC}") = "Tyuiu.RadkoVO.Sprint1.Task3.V18.Test", "Tyuiu.RadkoVO.Sprint1.Task3.V18.Test\Tyuiu.RadkoVO.Sprint1.Task3.V18.Test.csproj", "{A04E9221-0FE8-4EF0-923F-C37535EF0056}"
EndProject
Project("{2150E333-8FDC-42A3-9474-1A3956D46DE8}") = "Task4", "Task4", "{4CECD5ED-A823-46F1-B254-80624E951367}"
EndProject
Project("{FAE04EC0-301F-11D3-BF4B-00C04F79EFBC}") = "Tyuiu.RadkoVO.Sprint1.Task4.V15", "Tyuiu.RadkoVO.Sprint1.Task4.V15\Tyuiu.RadkoVO.Sprint1.Task4.V15.csproj", "{BE4E16BA-7789-4954-AF7C-4CE9D212010C}"
EndProject
Project("{FAE04EC0-301F-11D3-BF4B-00C04F79EFBC}") = "Tyuiu.RadkoVO.Sprint1.Task4.V15.Lib", "Tyuiu.RadkoVO.Sprint1.Task4.V15.Lib\Tyuiu.RadkoVO.Sprint1.Task4.V15.Lib.csproj", "{7E36F464-A500-49AE-8C3C-E4A6DF235B6D}"
EndProject
Project("{FAE04EC0-301F-11D3-BF4B-00C04F79EFBC}") = "Tyuiu.RadkoVO.Sprint1.Task4.V15.Test", "Tyuiu.RadkoVO.Sprint1.Task4.V15.Test\Tyuiu.RadkoVO.Sprint1.Task4.V15.Test.csproj", "{9AA08E06-72C2-4005-966A-799A12E4BD8C}"
EndProject
Project("{2150E333-8FDC-42A3-9474-1A3956D46DE8}") = "Task5", "Task5", "{5AB4F5D3-3F2E-4401-8AA8-5E567128D101}"
EndProject
Project("{FAE04EC0-301F-11D3-BF4B-00C04F79EFBC}") = "Tyuiu.RadkoVO.Sprint1.Task5.V3", "Tyuiu.RadkoVO.Sprint1.Task5.V3\Tyuiu.RadkoVO.Sprint1.Task5.V3.csproj", "{A30A953B-3E8F-4FFE-ABF2-83C7907C4020}"
EndProject
Project("{FAE04EC0-301F-11D3-BF4B-00C04F79EFBC}") = "Tyuiu.RadkoVO.Sprint1.Task5.V3.Lib", "Tyuiu.RadkoVO.Sprint1.Task5.V3.Lib\Tyuiu.RadkoVO.Sprint1.Task5.V3.Lib.csproj", "{05993AA9-D5CD-499F-9D85-2CD5C184F21F}"
EndProject
Project("{FAE04EC0-301F-11D3-BF4B-00C04F79EFBC}") = "Tyuiu.RadkoVO.Sprint1.Task5.V3.Test", "Tyuiu.RadkoVO.Sprint1.Task5.V3.Test\Tyuiu.RadkoVO.Sprint1.Task5.V3.Test.csproj", "{3C97EB59-86E1-4933-92EE-BD81AAF5B12D}"
EndProject
Project("{2150E333-8FDC-42A3-9474-1A3956D46DE8}") = "Task6", "Task6", "{E280F9DD-89F7-4B7E-B020-A8EA6EEAD98E}"
EndProject
Project("{FAE04EC0-301F-11D3-BF4B-00C04F79EFBC}") = "Tyuiu.RadkoVO.Sprint1.Task6.V8", "Tyuiu.RadkoVO.Sprint1.Task6.V8\Tyuiu.RadkoVO.Sprint1.Task6.V8.csproj", "{B3EF1DF7-E77F-4429-83D8-3706939ED933}"
EndProject
Project("{FAE04EC0-301F-11D3-BF4B-00C04F79EFBC}") = "Tyuiu.RadkoVO.Sprint1.Task6.V8.Lib", "Tyuiu.RadkoVO.Sprint1.Task6.V8.Lib\Tyuiu.RadkoVO.Sprint1.Task6.V8.Lib.csproj", "{1699FBD2-0057-4839-807B-8A8660306313}"
EndProject
Project("{FAE04EC0-301F-11D3-BF4B-00C04F79EFBC}") = "Tyuiu.RadkoVO.Sprint1.Task6.V8.Test", "Tyuiu.RadkoVO.Sprint1.Task6.V8.Test\Tyuiu.RadkoVO.Sprint1.Task6.V8.Test.csproj", "{81040071-6CFB-4610-B08F-8031469D3051}"
EndProject
Global
	GlobalSection(SolutionConfigurationPlatforms) = preSolution
		Debug|Any CPU = Debug|Any CPU
		Release|Any CPU = Release|Any CPU
	EndGlobalSection
	GlobalSection(ProjectConfigurationPlatforms) = postSolution
		{24BA4680-E273-4C83-88AF-542A2DF74275}.Debug|Any CPU.ActiveCfg = Debug|Any CPU
		{24BA4680-E273-4C83-88AF-542A2DF74275}.Debug|Any CPU.Build.0 = Debug|Any CPU
		{24BA4680-E273-4C83-88AF-542A2DF74275}.Release|Any CPU.ActiveCfg = Release|Any CPU
		{24BA4680-E273-4C83-88AF-542A2DF74275}.Release|Any CPU.Build.0 = Release|Any CPU
		{2EE92F7C-9712-4ACC-93A3-8ECAD368FB0C}.Debug|Any CPU.ActiveCfg = Debug|Any CPU
		{2EE92F7C-9712-4ACC-93A3-8ECAD368FB0C}.Debug|Any CPU.Build.0 = Debug|Any CPU
		{2EE92F7C-9712-4ACC-93A3-8ECAD368FB0C}.Release|Any CPU.ActiveCfg = Release|Any CPU
		{2EE92F7C-9712-4ACC-93A3-8ECAD368FB0C}.Release|Any CPU.Build.0 = Release|Any CPU
		{1721A1DB-BC2F-47F5-96C4-6101D999FD00}.Debug|Any CPU.ActiveCfg = Debug|Any CPU
		{1721A1DB-BC2F-47F5-96C4-6101D999FD00}.Debug|Any CPU.Build.0 = Debug|Any CPU
		{1721A1DB-BC2F-47F5-96C4-6101D999FD00}.Release|Any CPU.ActiveCfg = Release|Any CPU
		{1721A1DB-BC2F-47F5-96C4-6101D999FD00}.Release|Any CPU.Build.0 = Release|Any CPU
		{2B41AC68-CBDC-43AE-A49C-C234FAAA77A8}.Debug|Any CPU.ActiveCfg = Debug|Any CPU
		{2B41AC68-CBDC-43AE-A49C-C234FAAA77A8}.Debug|Any CPU.Build.0 = Debug|Any CPU
		{2B41AC68-CBDC-43AE-A49C-C234FAAA77A8}.Release|Any CPU.ActiveCfg = Release|Any CPU
		{2B41AC68-CBDC-43AE-A49C-C234FAAA77A8}.Release|Any CPU.Build.0 = Release|Any CPU
		{0D9152AE-B1F7-4D2D-91FD-3819DC7C9BFF}.Debug|Any CPU.ActiveCfg = Debug|Any CPU
		{0D9152AE-B1F7-4D2D-91FD-3819DC7C9BFF}.Debug|Any CPU.Build.0 = Debug|Any CPU
		{0D9152AE-B1F7-4D2D-91FD-3819DC7C9BFF}.Release|Any CPU.ActiveCfg = Release|Any CPU
		{0D9152AE-B1F7-4D2D-91FD-3819DC7C9BFF}.Release|Any CPU.Build.0 = Release|Any CPU
		{B777D0B8-6A08-4334-85FE-1AB79C159964}.Debug|Any CPU.ActiveCfg = Debug|Any CPU
		{B777D0B8-6A08-4334-85FE-1AB79C159964}.Debug|Any CPU.Build.0 = Debug|Any CPU
		{B777D0B8-6A08-4334-85FE-1AB79C159964}.Release|Any CPU.ActiveCfg = Release|Any CPU
		{B777D0B8-6A08-4334-85FE-1AB79C159964}.Release|Any CPU.Build.0 = Release|Any CPU
		{5FD372C7-079E-48EA-83B2-5C3D51E0EA84}.Debug|Any CPU.ActiveCfg = Debug|Any CPU
		{5FD372C7-079E-48EA-83B2-5C3D51E0EA84}.Debug|Any CPU.Build.0 = Debug|Any CPU
		{5FD372C7-079E-48EA-83B2-5C3D51E0EA84}.Release|Any CPU.ActiveCfg = Release|Any CPU
		{5FD372C7-079E-48EA-83B2-5C3D51E0EA84}.Release|Any CPU.Build.0 = Release|Any CPU
		{06F00C75-820D-49E3-92CF-6DDDD083613B}.Debug|Any CPU.ActiveCfg = Debug|Any CPU
		{06F00C75-820D-49E3-92CF-6DDDD083613B}.Debug|Any CPU.Build.0 = Debug|Any CPU
		{06F00C75-820D-49E3-92CF-6DDDD083613B}.Release|Any CPU.ActiveCfg = Release|Any CPU
		{06F00C75-820D-49E3-92CF-6DDDD083613B}.Release|Any CPU.Build.0 = Release|Any CPU
		{08D34271-7C1F-4D27-BDF8-EF72424A71D3}.Debug|Any CPU.ActiveCfg = Debug|Any CPU
		{08D34271-7C1F-4D27-BDF8-EF72424A71D3}.Debug|Any CPU.Build.0 = Debug|Any CPU
		{08D34271-7C1F-4D27-BDF8-EF72424A71D3}.Release|Any CPU.ActiveCfg = Release|Any CPU
		{08D34271-7C1F-4D27-BDF8-EF72424A71D3}.Release|Any CPU.Build.0 = Release|Any CPU
		{200DCF60-98CA-462A-914E-880DD6C7B222}.Debug|Any CPU.ActiveCfg = Debug|Any CPU
		{200DCF60-98CA-462A-914E-880DD6C7B222}.Debug|Any CPU.Build.0 = Debug|Any CPU
		{200DCF60-98CA-462A-914E-880DD6C7B222}.Release|Any CPU.ActiveCfg = Release|Any CPU
		{200DCF60-98CA-462A-914E-880DD6C7B222}.Release|Any CPU.Build.0 = Release|Any CPU
		{3A666C1E-3318-4C6A-9AE3-52E2E38DE487}.Debug|Any CPU.ActiveCfg = Debug|Any CPU
		{3A666C1E-3318-4C6A-9AE3-52E2E38DE487}.Debug|Any CPU.Build.0 = Debug|Any CPU
		{3A666C1E-3318-4C6A-9AE3-52E2E38DE487}.Release|Any CPU.ActiveCfg = Release|Any CPU
		{3A666C1E-3318-4C6A-9AE3-52E2E38DE487}.Release|Any CPU.Build.0 = Release|Any CPU
		{A04E9221-0FE8-4EF0-923F-C37535EF0056}.Debug|Any CPU.ActiveCfg = Debug|Any CPU
		{A04E9221-0FE8-4EF0-923F-C37535EF0056}.Debug|Any CPU.Build.0 = Debug|Any CPU
		{A04E9221-0FE8-4EF0-923F-C37535EF0056}.Release|Any CPU.ActiveCfg = Release|Any CPU
		{A04E9221-0FE8-4EF0-923F-C37535EF0056}.Release|Any CPU.Build.0 = Release|Any CPU
		{BE4E16BA-7789-4954-AF7C-4CE9D212010C}.Debug|Any CPU.ActiveCfg = Debug|Any CPU
		{BE4E16BA-7789-4954-AF7C-4CE9D212010C}.Debug|Any CPU.Build.0 = Debug|Any CPU
		{BE4E16BA-7789-4954-AF7C-4CE9D212010C}.Release|Any CPU.ActiveCfg = Release|Any CPU
		{BE4E16BA-7789-4954-AF7C-4CE9D212010C}.Release|Any CPU.Build.0 = Release|Any CPU
		{7E36F464-A500-49AE-8C3C-E4A6DF235B6D}.Debug|Any CPU.ActiveCfg = Debug|Any CPU
		{7E36F464-A500-49AE-8C3C-E4A6DF235B6D}.Debug|Any CPU.Build.0 = Debug|Any CPU
		{7E36F464-A500-49AE-8C3C-E4A6DF235B6D}.Release|Any CPU.ActiveCfg = Release|Any CPU
		{7E36F464-A500-49AE-8C3C-E4A6DF235B6D}.Release|Any CPU.Build.0 = Release|Any CPU
		{9AA08E06-72C2-4005-966A-799A12E4BD8C}.Debug|Any CPU.ActiveCfg = Debug|Any CPU
		{9AA08E06-72C2-4005-966A-799A12E4BD8C}.Debug|Any CPU.Build.0 = Debug|Any CPU
		{9AA08E06-72C2-4005-966A-799A12E4BD8C}.Release|Any CPU.ActiveCfg = Release|Any CPU
		{9AA08E06-72C2-4005-966A-799A12E4BD8C}.Release|Any CPU.Build.0 = Release|Any CPU
		{A30A953B-3E8F-4FFE-ABF2-83C7907C4020}.Debug|Any CPU.ActiveCfg = Debug|Any CPU
		{A30A953B-3E8F-4FFE-ABF2-83C7907C4020}.Debug|Any CPU.Build.0 = Debug|Any CPU
		{A30A953B-3E8F-4FFE-ABF2-83C7907C4020}.Release|Any CPU.ActiveCfg = Release|Any CPU
		{A30A953B-3E8F-4FFE-ABF2-83C7907C4020}.Release|Any CPU.Build.0 = Release|Any CPU
		{05993AA9-D5CD-499F-9D85-2CD5C184F21F}.Debug|Any CPU.ActiveCfg = Debug|Any CPU
		{05993AA9-D5CD-499F-9D85-2CD5C184F21F}.Debug|Any CPU.Build.0 = Debug|Any CPU
		{05993AA9-D5CD-499F-9D85-2CD5C184F21F}.Release|Any CPU.ActiveCfg = Release|Any CPU
		{05993AA9-D5CD-499F-9D85-2CD5C184F21F}.Release|Any CPU.Build.0 = Release|Any CPU
		{3C97EB59-86E1-4933-92EE-BD81AAF5B12D}.Debug|Any CPU.ActiveCfg = Debug|Any CPU
		{3C97EB59-86E1-4933-92EE-BD81AAF5B12D}.Debug|Any CPU.Build.0 = Debug|Any CPU
		{3C97EB59-86E1-4933-92EE-BD81AAF5B12D}.Release|Any CPU.ActiveCfg = Release|Any CPU
		{3C97EB59-86E1-4933-92EE-BD81AAF5B12D}.Release|Any CPU.Build.0 = Release|Any CPU
		{B3EF1DF7-E77F-4429-83D8-3706939ED933}.Debug|Any CPU.ActiveCfg = Debug|Any CPU
		{B3EF1DF7-E77F-4429-83D8-3706939ED933}.Debug|Any CPU.Build.0 = Debug|Any CPU
		{B3EF1DF7-E77F-4429-83D8-3706939ED933}.Release|Any CPU.ActiveCfg = Release|Any CPU
		{B3EF1DF7-E77F-4429-83D8-3706939ED933}.Release|Any CPU.Build.0 = Release|Any CPU
		{1699FBD2-0057-4839-807B-8A8660306313}.Debug|Any CPU.ActiveCfg = Debug|Any CPU
		{1699FBD2-0057-4839-807B-8A8660306313}.Debug|Any CPU.Build.0 = Debug|Any CPU
		{1699FBD2-0057-4839-807B-8A8660306313}.Release|Any CPU.ActiveCfg = Release|Any CPU
		{1699FBD2-0057-4839-807B-8A8660306313}.Release|Any CPU.Build.0 = Release|Any CPU
		{81040071-6CFB-4610-B08F-8031469D3051}.Debug|Any CPU.ActiveCfg = Debug|Any CPU
		{81040071-6CFB-4610-B08F-8031469D3051}.Debug|Any CPU.Build.0 = Debug|Any CPU
		{81040071-6CFB-4610-B08F-8031469D3051}.Release|Any CPU.ActiveCfg = Release|Any CPU
		{81040071-6CFB-4610-B08F-8031469D3051}.Release|Any CPU.Build.0 = Release|Any CPU
	EndGlobalSection
	GlobalSection(SolutionProperties) = preSolution
		HideSolutionNode = FALSE
	EndGlobalSection
	GlobalSection(NestedProjects) = preSolution
		{24BA4680-E273-4C83-88AF-542A2DF74275} = {02EA681E-C7D8-13C7-8484-4AC65E1B71E8}
		{2EE92F7C-9712-4ACC-93A3-8ECAD368FB0C} = {02EA681E-C7D8-13C7-8484-4AC65E1B71E8}
		{1721A1DB-BC2F-47F5-96C4-6101D999FD00} = {02EA681E-C7D8-13C7-8484-4AC65E1B71E8}
		{2B41AC68-CBDC-43AE-A49C-C234FAAA77A8} = {3E4133C6-906F-4693-AD79-EA5CC9B2BFEF}
		{0D9152AE-B1F7-4D2D-91FD-3819DC7C9BFF} = {3E4133C6-906F-4693-AD79-EA5CC9B2BFEF}
		{B777D0B8-6A08-4334-85FE-1AB79C159964} = {3E4133C6-906F-4693-AD79-EA5CC9B2BFEF}
		{5FD372C7-079E-48EA-83B2-5C3D51E0EA84} = {6AD58A89-F54A-4D72-A207-9CFED9EEE494}
		{06F00C75-820D-49E3-92CF-6DDDD083613B} = {6AD58A89-F54A-4D72-A207-9CFED9EEE494}
		{08D34271-7C1F-4D27-BDF8-EF72424A71D3} = {6AD58A89-F54A-4D72-A207-9CFED9EEE494}
		{200DCF60-98CA-462A-914E-880DD6C7B222} = {5DE38486-B8F1-4ECA-A208-C43E4985FE53}
		{3A666C1E-3318-4C6A-9AE3-52E2E38DE487} = {5DE38486-B8F1-4ECA-A208-C43E4985FE53}
		{A04E9221-0FE8-4EF0-923F-C37535EF0056} = {5DE38486-B8F1-4ECA-A208-C43E4985FE53}
		{BE4E16BA-7789-4954-AF7C-4CE9D212010C} = {4CECD5ED-A823-46F1-B254-80624E951367}
		{7E36F464-A500-49AE-8C3C-E4A6DF235B6D} = {4CECD5ED-A823-46F1-B254-80624E951367}
		{9AA08E06-72C2-4005-966A-799A12E4BD8C} = {4CECD5ED-A823-46F1-B254-80624E951367}
		{A30A953B-3E8F-4FFE-ABF2-83C7907C4020} = {5AB4F5D3-3F2E-4401-8AA8-5E567128D101}
		{05993AA9-D5CD-499F-9D85-2CD5C184F21F} = {5AB4F5D3-3F2E-4401-8AA8-5E567128D101}
		{3C97EB59-86E1-4933-92EE-BD81AAF5B12D} = {5AB4F5D3-3F2E-4401-8AA8-5E567128D101}
		{B3EF1DF7-E77F-4429-83D8-3706939ED933} = {E280F9DD-89F7-4B7E-B020-A8EA6EEAD98E}
		{1699FBD2-0057-4839-807B-8A8660306313} = {E280F9DD-89F7-4B7E-B020-A8EA6EEAD98E}
		{81040071-6CFB-4610-B08F-8031469D3051} = {E280F9DD-89F7-4B7E-B020-A8EA6EEAD98E}
	EndGlobalSection
	GlobalSection(ExtensibilityGlobals) = postSolution
		SolutionGuid = {7EC5655C-BECF-4318-86D5-D1BD29DB45CA}
	EndGlobalSection
EndGlobal
