
Microsoft Visual Studio Solution File, Format Version 12.00
# Visual Studio Version 17
VisualStudioVersion = 17.14.36623.8
MinimumVisualStudioVersion = 10.0.40219.1
Project("{2150E333-8FDC-42A3-9474-1A3956D46DE8}") = "Task0", "Task0", "{02EA681E-C7D8-13C7-8484-4AC65E1B71E8}"
EndProject
Project("{FAE04EC0-301F-11D3-BF4B-00C04F79EFBC}") = "Tyuiu.RadkoVO.Sprint1.Task0.V19", "Tyuiu.RadkoVO.Sprint1.Task0.V19\Tyuiu.RadkoVO.Sprint1.Task0.V19.csproj", "{24BA4680-E273-4C83-88AF-542A2DF74275}"
EndProject
Project("{FAE04EC0-301F-11D3-BF4B-00C04F79EFBC}") = "Tyuiu.RadkoVO.Sprint1.Task0.V19.Lib", "Tyuiu.RadkoVO.Sprint1.Task0.V19.Lib\Tyuiu.RadkoVO.Sprint1.Task0.V19.Lib.csproj", "{2EE92F7C-9712-4ACC-93A3-8ECAD368FB0C}"
EndProject
Project("{FAE04EC0-301F-11D3-BF4B-00C04F79EFBC}") = "Tyuiu.RadkoVO.Sprint1.Task0.V19.Test", "Tyuiu.RadkoVO.Sprint1.Task0.V19.Test\Tyuiu.RadkoVO.Sprint1.Task0.V19.Test.csproj", "{1721A1DB-BC2F-47F5-96C4-6101D999FD00}"
EndProject
Project("{2150E333-8FDC-42A3-9474-1A3956D46DE8}") = "Task1", "Task1", "{3E4133C6-906F-4693-AD79-EA5CC9B2BFEF}"
EndProject
Project("{FAE04EC0-301F-11D3-BF4B-00C04F79EFBC}") = "Tyuiu.RadkoVO.Sprint1.Task1.V7", "Tyuiu.RadkoVO.Sprint1.Task1.V7\Tyuiu.RadkoVO.Sprint1.Task1.V7.csproj", "{2B41AC68-CBDC-43AE-A49C-C234FAAA77A8}"
EndProject
Project("{FAE04EC0-301F-11D3-BF4B-00C04F79EFBC}") = "Tyuiu.RadkoVO.Sprint1.Task1.V7.Lib", "Tyuiu.RadkoVO.Sprint1.Task1.V7.Lib\Tyuiu.RadkoVO.Sprint1.Task1.V7.Lib.csproj", "{0D9152AE-B1F7-4D2D-91FD-3819DC7C9BFF}"
EndProject
Project("{FAE04EC0-301F-11D3-BF4B-00C04F79EFBC}") = "Tyuiu.RadkoVO.Sprint1.Task1.V7.Test", "Tyuiu.RadkoVO.Sprint1.Task1.V7.Test\Tyuiu.RadkoVO.Sprint1.Task1.V7.Test.csproj", "{B777D0B8-6A08-4334-85FE-1AB79C159964}"
EndProject
Project("{2150E333-8FDC-42A3-9474-1A3956D46DE8}") = "Task2", "Task2", "{6AD58A89-F54A-4D72-A207-9CFED9EEE494}"
EndProject
Project("{FAE04EC0-301F-11D3-BF4B-00C04F79EFBC}") = "Tyuiu.RadkoVO.Sprint1.Task2.V23", "Tyuiu.RadkoVO.Sprint1.Task2.V23\Tyuiu.RadkoVO.Sprint1.Task2.V23.csproj", "{5FD372C7-079E-48EA-83B2-5C3D51E0EA84}"
EndProject
Project("{FAE04EC0-301F-11D3-BF4B-00C04F79EFBC}") = "Tyuiu.RadkoVO.Sprint1.Task2.V23.Test", "Tyuiu.RadkoVO.Sprint1.Task2.V23.Test\Tyuiu.RadkoVO.Sprint1.Task2.V23.Test.csproj", "{06F00C75-820D-49E3-92CF-6DDDD083613B}"
EndProject
Project("{FAE04EC0-301F-11D3-BF4B-00C04F79EFBC}") = "Tyuiu.RadkoVO.Sprint1.Task2.V23.Lib", "Tyuiu.RadkoVO.Sprint1.Task2.V23.Lib\Tyuiu.RadkoVO.Sprint1.Task2.V23.Lib.csproj", "{08D34271-7C1F-4D27-BDF8-EF72424A71D3}"
EndProject
Global
	GlobalSection(SolutionConfigurationPlatforms) = preSolution
		Debug|Any CPU = Debug|Any CPU
		Release|Any CPU = Release|Any CPU
	EndGlobalSection
	GlobalSection(ProjectConfigurationPlatforms) = postSolution
		{24BA4680-E273-4C83-88AF-542A2DF74275}.Debug|Any CPU.ActiveCfg = Debug|Any CPU
		{24BA4680-E273-4C83-88AF-542A2DF74275}.Debug|Any CPU.Build.0 = Debug|Any CPU
		{24BA4680-E273-4C83-88AF-542A2DF74275}.Release|Any CPU.ActiveCfg = Release|Any CPU
		{24BA4680-E273-4C83-88AF-542A2DF74275}.Release|Any CPU.Build.0 = Release|Any CPU
		{2EE92F7C-9712-4ACC-93A3-8ECAD368FB0C}.Debug|Any CPU.ActiveCfg = Debug|Any CPU
		{2EE92F7C-9712-4ACC-93A3-8ECAD368FB0C}.Debug|Any CPU.Build.0 = Debug|Any CPU
		{2EE92F7C-9712-4ACC-93A3-8ECAD368FB0C}.Release|Any CPU.ActiveCfg = Release|Any CPU
		{2EE92F7C-9712-4ACC-93A3-8ECAD368FB0C}.Release|Any CPU.Build.0 = Release|Any CPU
		{1721A1DB-BC2F-47F5-96C4-6101D999FD00}.Debug|Any CPU.ActiveCfg = Debug|Any CPU
		{1721A1DB-BC2F-47F5-96C4-6101D999FD00}.Debug|Any CPU.Build.0 = Debug|Any CPU
		{1721A1DB-BC2F-47F5-96C4-6101D999FD00}.Release|Any CPU.ActiveCfg = Release|Any CPU
		{1721A1DB-BC2F-47F5-96C4-6101D999FD00}.Release|Any CPU.Build.0 = Release|Any CPU
		{2B41AC68-CBDC-43AE-A49C-C234FAAA77A8}.Debug|Any CPU.ActiveCfg = Debug|Any CPU
		{2B41AC68-CBDC-43AE-A49C-C234FAAA77A8}.Debug|Any CPU.Build.0 = Debug|Any CPU
		{2B41AC68-CBDC-43AE-A49C-C234FAAA77A8}.Release|Any CPU.ActiveCfg = Release|Any CPU
		{2B41AC68-CBDC-43AE-A49C-C234FAAA77A8}.Release|Any CPU.Build.0 = Release|Any CPU
		{0D9152AE-B1F7-4D2D-91FD-3819DC7C9BFF}.Debug|Any CPU.ActiveCfg = Debug|Any CPU
		{0D9152AE-B1F7-4D2D-91FD-3819DC7C9BFF}.Debug|Any CPU.Build.0 = Debug|Any CPU
		{0D9152AE-B1F7-4D2D-91FD-3819DC7C9BFF}.Release|Any CPU.ActiveCfg = Release|Any CPU
		{0D9152AE-B1F7-4D2D-91FD-3819DC7C9BFF}.Release|Any CPU.Build.0 = Release|Any CPU
		{B777D0B8-6A08-4334-85FE-1AB79C159964}.Debug|Any CPU.ActiveCfg = Debug|Any CPU
		{B777D0B8-6A08-4334-85FE-1AB79C159964}.Debug|Any CPU.Build.0 = Debug|Any CPU
		{B777D0B8-6A08-4334-85FE-1AB79C159964}.Release|Any CPU.ActiveCfg = Release|Any CPU
		{B777D0B8-6A08-4334-85FE-1AB79C159964}.Release|Any CPU.Build.0 = Release|Any CPU
		{5FD372C7-079E-48EA-83B2-5C3D51E0EA84}.Debug|Any CPU.ActiveCfg = Debug|Any CPU
		{5FD372C7-079E-48EA-83B2-5C3D51E0EA84}.Debug|Any CPU.Build.0 = Debug|Any CPU
		{5FD372C7-079E-48EA-83B2-5C3D51E0EA84}.Release|Any CPU.ActiveCfg = Release|Any CPU
		{5FD372C7-079E-48EA-83B2-5C3D51E0EA84}.Release|Any CPU.Build.0 = Release|Any CPU
		{06F00C75-820D-49E3-92CF-6DDDD083613B}.Debug|Any CPU.ActiveCfg = Debug|Any CPU
		{06F00C75-820D-49E3-92CF-6DDDD083613B}.Debug|Any CPU.Build.0 = Debug|Any CPU
		{06F00C75-820D-49E3-92CF-6DDDD083613B}.Release|Any CPU.ActiveCfg = Release|Any CPU
		{06F00C75-820D-49E3-92CF-6DDDD083613B}.Release|Any CPU.Build.0 = Release|Any CPU
		{08D34271-7C1F-4D27-BDF8-EF72424A71D3}.Debug|Any CPU.ActiveCfg = Debug|Any CPU
		{08D34271-7C1F-4D27-BDF8-EF72424A71D3}.Debug|Any CPU.Build.0 = Debug|Any CPU
		{08D34271-7C1F-4D27-BDF8-EF72424A71D3}.Release|Any CPU.ActiveCfg = Release|Any CPU
		{08D34271-7C1F-4D27-BDF8-EF72424A71D3}.Release|Any CPU.Build.0 = Release|Any CPU
	EndGlobalSection
	GlobalSection(SolutionProperties) = preSolution
		HideSolutionNode = FALSE
	EndGlobalSection
	GlobalSection(NestedProjects) = preSolution
		{24BA4680-E273-4C83-88AF-542A2DF74275} = {02EA681E-C7D8-13C7-8484-4AC65E1B71E8}
		{2EE92F7C-9712-4ACC-93A3-8ECAD368FB0C} = {02EA681E-C7D8-13C7-8484-4AC65E1B71E8}
		{1721A1DB-BC2F-47F5-96C4-6101D999FD00} = {02EA681E-C7D8-13C7-8484-4AC65E1B71E8}
		{2B41AC68-CBDC-43AE-A49C-C234FAAA77A8} = {3E4133C6-906F-4693-AD79-EA5CC9B2BFEF}
		{0D9152AE-B1F7-4D2D-91FD-3819DC7C9BFF} = {3E4133C6-906F-4693-AD79-EA5CC9B2BFEF}
		{B777D0B8-6A08-4334-85FE-1AB79C159964} = {3E4133C6-906F-4693-AD79-EA5CC9B2BFEF}
		{5FD372C7-079E-48EA-83B2-5C3D51E0EA84} = {6AD58A89-F54A-4D72-A207-9CFED9EEE494}
		{06F00C75-820D-49E3-92CF-6DDDD083613B} = {6AD58A89-F54A-4D72-A207-9CFED9EEE494}
		{08D34271-7C1F-4D27-BDF8-EF72424A71D3} = {6AD58A89-F54A-4D72-A207-9CFED9EEE494}
	EndGlobalSection
	GlobalSection(ExtensibilityGlobals) = postSolution
		SolutionGuid = {7EC5655C-BECF-4318-86D5-D1BD29DB45CA}
	EndGlobalSection
EndGlobal
